// !$*UTF8*$!
{
	archiveVersion = 1;
	classes = {
	};
	objectVersion = 56;
	objects = {

/* Begin PBXBuildFile section */
		CE14EC342922184F009AEAEF /* ResultViewController.swift in Sources */ = {isa = PBXBuildFile; fileRef = CE14EC332922184F009AEAEF /* ResultViewController.swift */; };
		CE1A9FD3291A427C0096AF96 /* AppDelegate.swift in Sources */ = {isa = PBXBuildFile; fileRef = CE1A9FD2291A427C0096AF96 /* AppDelegate.swift */; };
		CE1A9FD5291A427C0096AF96 /* SceneDelegate.swift in Sources */ = {isa = PBXBuildFile; fileRef = CE1A9FD4291A427C0096AF96 /* SceneDelegate.swift */; };
		CE1A9FD7291A427C0096AF96 /* ViewController.swift in Sources */ = {isa = PBXBuildFile; fileRef = CE1A9FD6291A427C0096AF96 /* ViewController.swift */; };
		CE1A9FDA291A427C0096AF96 /* Main.storyboard in Resources */ = {isa = PBXBuildFile; fileRef = CE1A9FD8291A427C0096AF96 /* Main.storyboard */; };
		CE1A9FDC291A427E0096AF96 /* Assets.xcassets in Resources */ = {isa = PBXBuildFile; fileRef = CE1A9FDB291A427E0096AF96 /* Assets.xcassets */; };
		CE1A9FDF291A427E0096AF96 /* LaunchScreen.storyboard in Resources */ = {isa = PBXBuildFile; fileRef = CE1A9FDD291A427E0096AF96 /* LaunchScreen.storyboard */; };
		CE1A9FE7291A47190096AF96 /* CustomButton.swift in Sources */ = {isa = PBXBuildFile; fileRef = CE1A9FE6291A47190096AF96 /* CustomButton.swift */; };
		CE35B00D292BEFE100E5F0DA /* picExample2.jpg in Resources */ = {isa = PBXBuildFile; fileRef = CE35B00B292BEFE000E5F0DA /* picExample2.jpg */; };
		CE35B00E292BEFE100E5F0DA /* sketchExample2.jpeg in Resources */ = {isa = PBXBuildFile; fileRef = CE35B00C292BEFE100E5F0DA /* sketchExample2.jpeg */; };
		CE46484E291E760100EA511C /* MyOpenCV.mm in Sources */ = {isa = PBXBuildFile; fileRef = CE46484D291E760100EA511C /* MyOpenCV.mm */; };
		CE628BD7292B6D2A00B6819B /* DancingScript-SemiBold.ttf in Resources */ = {isa = PBXBuildFile; fileRef = CE628BD3292B6D2A00B6819B /* DancingScript-SemiBold.ttf */; };
		CE628BDC292B6F8000B6819B /* CustomImageView.swift in Sources */ = {isa = PBXBuildFile; fileRef = CE628BDB292B6F8000B6819B /* CustomImageView.swift */; };
		CEC82CC8292BCF95002E0499 /* PictureToSketch.png in Resources */ = {isa = PBXBuildFile; fileRef = CEC82CC7292BCF95002E0499 /* PictureToSketch.png */; };
		CEC82CD4292BDCE4002E0499 /* BerkshireSwash-Regular.ttf in Resources */ = {isa = PBXBuildFile; fileRef = CEC82CD3292BDCE4002E0499 /* BerkshireSwash-Regular.ttf */; };
/* End PBXBuildFile section */

/* Begin PBXFileReference section */
		143ED5703968A12DDE5CD2AF /* Pods-PicToSketch.release.xcconfig */ = {isa = PBXFileReference; includeInIndex = 1; lastKnownFileType = text.xcconfig; name = "Pods-PicToSketch.release.xcconfig"; path = "Target Support Files/Pods-PicToSketch/Pods-PicToSketch.release.xcconfig"; sourceTree = "<group>"; };
		408FC62B2CA565084718F17F /* Pods-PicToSketch.debug.xcconfig */ = {isa = PBXFileReference; includeInIndex = 1; lastKnownFileType = text.xcconfig; name = "Pods-PicToSketch.debug.xcconfig"; path = "Target Support Files/Pods-PicToSketch/Pods-PicToSketch.debug.xcconfig"; sourceTree = "<group>"; };
		CE14EC332922184F009AEAEF /* ResultViewController.swift */ = {isa = PBXFileReference; lastKnownFileType = sourcecode.swift; path = ResultViewController.swift; sourceTree = "<group>"; };
		CE1A9FD2291A427C0096AF96 /* AppDelegate.swift */ = {isa = PBXFileReference; lastKnownFileType = sourcecode.swift; path = AppDelegate.swift; sourceTree = "<group>"; };
		CE1A9FD4291A427C0096AF96 /* SceneDelegate.swift */ = {isa = PBXFileReference; lastKnownFileType = sourcecode.swift; path = SceneDelegate.swift; sourceTree = "<group>"; };
		CE1A9FD6291A427C0096AF96 /* ViewController.swift */ = {isa = PBXFileReference; lastKnownFileType = sourcecode.swift; path = ViewController.swift; sourceTree = "<group>"; };
		CE1A9FD9291A427C0096AF96 /* Base */ = {isa = PBXFileReference; lastKnownFileType = file.storyboard; name = Base; path = Base.lproj/Main.storyboard; sourceTree = "<group>"; };
		CE1A9FDB291A427E0096AF96 /* Assets.xcassets */ = {isa = PBXFileReference; lastKnownFileType = folder.assetcatalog; path = Assets.xcassets; sourceTree = "<group>"; };
		CE1A9FDE291A427E0096AF96 /* Base */ = {isa = PBXFileReference; lastKnownFileType = file.storyboard; name = Base; path = Base.lproj/LaunchScreen.storyboard; sourceTree = "<group>"; };
		CE1A9FE0291A427E0096AF96 /* Info.plist */ = {isa = PBXFileReference; lastKnownFileType = text.plist.xml; path = Info.plist; sourceTree = "<group>"; };
		CE1A9FE6291A47190096AF96 /* CustomButton.swift */ = {isa = PBXFileReference; lastKnownFileType = sourcecode.swift; path = CustomButton.swift; sourceTree = "<group>"; };
		CE35B00B292BEFE000E5F0DA /* picExample2.jpg */ = {isa = PBXFileReference; lastKnownFileType = image.jpeg; path = picExample2.jpg; sourceTree = "<group>"; };
		CE35B00C292BEFE100E5F0DA /* sketchExample2.jpeg */ = {isa = PBXFileReference; lastKnownFileType = image.jpeg; path = sketchExample2.jpeg; sourceTree = "<group>"; };
		CE464846291E420900EA511C /* PicToSketch.app */ = {isa = PBXFileReference; explicitFileType = wrapper.application; includeInIndex = 0; path = PicToSketch.app; sourceTree = BUILT_PRODUCTS_DIR; };
		CE46484C291E760100EA511C /* MyOpenCV.h */ = {isa = PBXFileReference; lastKnownFileType = sourcecode.c.h; path = MyOpenCV.h; sourceTree = "<group>"; };
		CE46484D291E760100EA511C /* MyOpenCV.mm */ = {isa = PBXFileReference; lastKnownFileType = sourcecode.cpp.objcpp; path = MyOpenCV.mm; sourceTree = "<group>"; };
		CE46484F291E766800EA511C /* PicToSketch-Bridging-Header.h */ = {isa = PBXFileReference; lastKnownFileType = sourcecode.c.h; path = "PicToSketch-Bridging-Header.h"; sourceTree = "<group>"; };
		CE464850291E767F00EA511C /* PrefixHeader.pch */ = {isa = PBXFileReference; lastKnownFileType = sourcecode.c.h; path = PrefixHeader.pch; sourceTree = "<group>"; };
		CE628BD3292B6D2A00B6819B /* DancingScript-SemiBold.ttf */ = {isa = PBXFileReference; lastKnownFileType = file; path = "DancingScript-SemiBold.ttf"; sourceTree = "<group>"; };
		CE628BDB292B6F8000B6819B /* CustomImageView.swift */ = {isa = PBXFileReference; lastKnownFileType = sourcecode.swift; path = CustomImageView.swift; sourceTree = "<group>"; };
		CEC82CC7292BCF95002E0499 /* PictureToSketch.png */ = {isa = PBXFileReference; lastKnownFileType = image.png; path = PictureToSketch.png; sourceTree = "<group>"; };
		CEC82CD3292BDCE4002E0499 /* BerkshireSwash-Regular.ttf */ = {isa = PBXFileReference; lastKnownFileType = file; path = "BerkshireSwash-Regular.ttf"; sourceTree = "<group>"; };
/* End PBXFileReference section */

/* Begin PBXFrameworksBuildPhase section */
		CE1A9FCC291A427C0096AF96 /* Frameworks */ = {
			isa = PBXFrameworksBuildPhase;
			buildActionMask = 2147483647;
			files = (
			);
			runOnlyForDeploymentPostprocessing = 0;
		};
/* End PBXFrameworksBuildPhase section */

/* Begin PBXGroup section */
		6C4246E58A2099C417C63C1E /* Pods */ = {
			isa = PBXGroup;
			children = (
				408FC62B2CA565084718F17F /* Pods-PicToSketch.debug.xcconfig */,
				143ED5703968A12DDE5CD2AF /* Pods-PicToSketch.release.xcconfig */,
			);
			path = Pods;
			sourceTree = "<group>";
		};
		8BBD8800DFBC4CF22821A4FE /* Frameworks */ = {
			isa = PBXGroup;
			children = (
			);
			name = Frameworks;
			sourceTree = "<group>";
		};
		CE1A9FC6291A427C0096AF96 = {
			isa = PBXGroup;
			children = (
				CE1A9FD1291A427C0096AF96 /* PicToSketch */,
				CE464846291E420900EA511C /* PicToSketch.app */,
				CE464850291E767F00EA511C /* PrefixHeader.pch */,
				CE46484F291E766800EA511C /* PicToSketch-Bridging-Header.h */,
				CE46484C291E760100EA511C /* MyOpenCV.h */,
				CE46484D291E760100EA511C /* MyOpenCV.mm */,
				6C4246E58A2099C417C63C1E /* Pods */,
				8BBD8800DFBC4CF22821A4FE /* Frameworks */,
			);
			sourceTree = "<group>";
		};
		CE1A9FD1291A427C0096AF96 /* PicToSketch */ = {
			isa = PBXGroup;
			children = (
				CE628BD0292B60CD00B6819B /* Fonts */,
				CE1A9FE8291BAE500096AF96 /* Images */,
				CE1A9FD2291A427C0096AF96 /* AppDelegate.swift */,
				CE1A9FD4291A427C0096AF96 /* SceneDelegate.swift */,
				CE1A9FD6291A427C0096AF96 /* ViewController.swift */,
				CE14EC332922184F009AEAEF /* ResultViewController.swift */,
				CE1A9FE6291A47190096AF96 /* CustomButton.swift */,
				CE628BDB292B6F8000B6819B /* CustomImageView.swift */,
				CE1A9FD8291A427C0096AF96 /* Main.storyboard */,
				CE1A9FDB291A427E0096AF96 /* Assets.xcassets */,
				CE1A9FDD291A427E0096AF96 /* LaunchScreen.storyboard */,
				CE1A9FE0291A427E0096AF96 /* Info.plist */,
			);
			path = PicToSketch;
			sourceTree = "<group>";
		};
		CE1A9FE8291BAE500096AF96 /* Images */ = {
			isa = PBXGroup;
			children = (
				CEC82CC7292BCF95002E0499 /* PictureToSketch.png */,
				CE35B00B292BEFE000E5F0DA /* picExample2.jpg */,
				CE35B00C292BEFE100E5F0DA /* sketchExample2.jpeg */,
			);
			path = Images;
			sourceTree = "<group>";
		};
		CE628BD0292B60CD00B6819B /* Fonts */ = {
			isa = PBXGroup;
			children = (
				CE628BD3292B6D2A00B6819B /* DancingScript-SemiBold.ttf */,
				CEC82CD3292BDCE4002E0499 /* BerkshireSwash-Regular.ttf */,
			);
			path = Fonts;
			sourceTree = "<group>";
		};
/* End PBXGroup section */

/* Begin PBXNativeTarget section */
		CE1A9FCE291A427C0096AF96 /* PicToSketch */ = {
			isa = PBXNativeTarget;
			buildConfigurationList = CE1A9FE3291A427E0096AF96 /* Build configuration list for PBXNativeTarget "PicToSketch" */;
			buildPhases = (
				924319FC490CF77F27BC2E8B /* [CP] Check Pods Manifest.lock */,
				CE1A9FCB291A427C0096AF96 /* Sources */,
				CE1A9FCC291A427C0096AF96 /* Frameworks */,
				CE1A9FCD291A427C0096AF96 /* Resources */,
			);
			buildRules = (
			);
			dependencies = (
			);
			name = PicToSketch;
			productName = PicToSketch;
			productReference = CE464846291E420900EA511C /* PicToSketch.app */;
			productType = "com.apple.product-type.application";
		};
/* End PBXNativeTarget section */

/* Begin PBXProject section */
		CE1A9FC7291A427C0096AF96 /* Project object */ = {
			isa = PBXProject;
			attributes = {
				BuildIndependentTargetsInParallel = 1;
				LastSwiftUpdateCheck = 1410;
				LastUpgradeCheck = 1410;
				TargetAttributes = {
					CE1A9FCE291A427C0096AF96 = {
						CreatedOnToolsVersion = 14.1;
						LastSwiftMigration = 1410;
					};
				};
			};
			buildConfigurationList = CE1A9FCA291A427C0096AF96 /* Build configuration list for PBXProject "PicToSketch" */;
			compatibilityVersion = "Xcode 14.0";
			developmentRegion = en;
			hasScannedForEncodings = 0;
			knownRegions = (
				en,
				Base,
			);
			mainGroup = CE1A9FC6291A427C0096AF96;
			productRefGroup = CE1A9FC6291A427C0096AF96;
			projectDirPath = "";
			projectRoot = "";
			targets = (
				CE1A9FCE291A427C0096AF96 /* PicToSketch */,
			);
		};
/* End PBXProject section */

/* Begin PBXResourcesBuildPhase section */
		CE1A9FCD291A427C0096AF96 /* Resources */ = {
			isa = PBXResourcesBuildPhase;
			buildActionMask = 2147483647;
			files = (
				CE1A9FDF291A427E0096AF96 /* LaunchScreen.storyboard in Resources */,
				CE1A9FDC291A427E0096AF96 /* Assets.xcassets in Resources */,
				CE35B00D292BEFE100E5F0DA /* picExample2.jpg in Resources */,
				CE35B00E292BEFE100E5F0DA /* sketchExample2.jpeg in Resources */,
				CE1A9FDA291A427C0096AF96 /* Main.storyboard in Resources */,
				CEC82CC8292BCF95002E0499 /* PictureToSketch.png in Resources */,
				CE628BD7292B6D2A00B6819B /* DancingScript-SemiBold.ttf in Resources */,
				CEC82CD4292BDCE4002E0499 /* BerkshireSwash-Regular.ttf in Resources */,
			);
			runOnlyForDeploymentPostprocessing = 0;
		};
/* End PBXResourcesBuildPhase section */

/* Begin PBXShellScriptBuildPhase section */
		924319FC490CF77F27BC2E8B /* [CP] Check Pods Manifest.lock */ = {
			isa = PBXShellScriptBuildPhase;
			buildActionMask = 2147483647;
			files = (
			);
			inputFileListPaths = (
			);
			inputPaths = (
				"${PODS_PODFILE_DIR_PATH}/Podfile.lock",
				"${PODS_ROOT}/Manifest.lock",
			);
			name = "[CP] Check Pods Manifest.lock";
			outputFileListPaths = (
			);
			outputPaths = (
				"$(DERIVED_FILE_DIR)/Pods-PicToSketch-checkManifestLockResult.txt",
			);
			runOnlyForDeploymentPostprocessing = 0;
			shellPath = /bin/sh;
			shellScript = "diff \"${PODS_PODFILE_DIR_PATH}/Podfile.lock\" \"${PODS_ROOT}/Manifest.lock\" > /dev/null\nif [ $? != 0 ] ; then\n    # print error to STDERR\n    echo \"error: The sandbox is not in sync with the Podfile.lock. Run 'pod install' or update your CocoaPods installation.\" >&2\n    exit 1\nfi\n# This output is used by Xcode 'outputs' to avoid re-running this script phase.\necho \"SUCCESS\" > \"${SCRIPT_OUTPUT_FILE_0}\"\n";
			showEnvVarsInLog = 0;
		};
/* End PBXShellScriptBuildPhase section */

/* Begin PBXSourcesBuildPhase section */
		CE1A9FCB291A427C0096AF96 /* Sources */ = {
			isa = PBXSourcesBuildPhase;
			buildActionMask = 2147483647;
			files = (
				CE1A9FE7291A47190096AF96 /* CustomButton.swift in Sources */,
				CE1A9FD7291A427C0096AF96 /* ViewController.swift in Sources */,
				CE1A9FD3291A427C0096AF96 /* AppDelegate.swift in Sources */,
				CE628BDC292B6F8000B6819B /* CustomImageView.swift in Sources */,
				CE1A9FD5291A427C0096AF96 /* SceneDelegate.swift in Sources */,
				CE46484E291E760100EA511C /* MyOpenCV.mm in Sources */,
				CE14EC342922184F009AEAEF /* ResultViewController.swift in Sources */,
			);
			runOnlyForDeploymentPostprocessing = 0;
		};
/* End PBXSourcesBuildPhase section */

/* Begin PBXVariantGroup section */
		CE1A9FD8291A427C0096AF96 /* Main.storyboard */ = {
			isa = PBXVariantGroup;
			children = (
				CE1A9FD9291A427C0096AF96 /* Base */,
			);
			name = Main.storyboard;
			sourceTree = "<group>";
		};
		CE1A9FDD291A427E0096AF96 /* LaunchScreen.storyboard */ = {
			isa = PBXVariantGroup;
			children = (
				CE1A9FDE291A427E0096AF96 /* Base */,
			);
			name = LaunchScreen.storyboard;
			sourceTree = "<group>";
		};
/* End PBXVariantGroup section */

/* Begin XCBuildConfiguration section */
		CE1A9FE1291A427E0096AF96 /* Debug */ = {
			isa = XCBuildConfiguration;
			buildSettings = {
				ALWAYS_SEARCH_USER_PATHS = NO;
				CLANG_ANALYZER_NONNULL = YES;
				CLANG_ANALYZER_NUMBER_OBJECT_CONVERSION = YES_AGGRESSIVE;
				CLANG_CXX_LANGUAGE_STANDARD = "gnu++20";
				CLANG_ENABLE_MODULES = YES;
				CLANG_ENABLE_OBJC_ARC = YES;
				CLANG_ENABLE_OBJC_WEAK = YES;
				CLANG_WARN_BLOCK_CAPTURE_AUTORELEASING = YES;
				CLANG_WARN_BOOL_CONVERSION = YES;
				CLANG_WARN_COMMA = YES;
				CLANG_WARN_CONSTANT_CONVERSION = YES;
				CLANG_WARN_DEPRECATED_OBJC_IMPLEMENTATIONS = YES;
				CLANG_WARN_DIRECT_OBJC_ISA_USAGE = YES_ERROR;
				CLANG_WARN_DOCUMENTATION_COMMENTS = YES;
				CLANG_WARN_EMPTY_BODY = YES;
				CLANG_WARN_ENUM_CONVERSION = YES;
				CLANG_WARN_INFINITE_RECURSION = YES;
				CLANG_WARN_INT_CONVERSION = YES;
				CLANG_WARN_NON_LITERAL_NULL_CONVERSION = YES;
				CLANG_WARN_OBJC_IMPLICIT_RETAIN_SELF = YES;
				CLANG_WARN_OBJC_LITERAL_CONVERSION = YES;
				CLANG_WARN_OBJC_ROOT_CLASS = YES_ERROR;
				CLANG_WARN_QUOTED_INCLUDE_IN_FRAMEWORK_HEADER = YES;
				CLANG_WARN_RANGE_LOOP_ANALYSIS = YES;
				CLANG_WARN_STRICT_PROTOTYPES = YES;
				CLANG_WARN_SUSPICIOUS_MOVE = YES;
				CLANG_WARN_UNGUARDED_AVAILABILITY = YES_AGGRESSIVE;
				CLANG_WARN_UNREACHABLE_CODE = YES;
				CLANG_WARN__DUPLICATE_METHOD_MATCH = YES;
				COPY_PHASE_STRIP = NO;
				DEBUG_INFORMATION_FORMAT = dwarf;
				ENABLE_STRICT_OBJC_MSGSEND = YES;
				ENABLE_TESTABILITY = YES;
				GCC_C_LANGUAGE_STANDARD = gnu11;
				GCC_DYNAMIC_NO_PIC = NO;
				GCC_NO_COMMON_BLOCKS = YES;
				GCC_OPTIMIZATION_LEVEL = 0;
				GCC_PRECOMPILE_PREFIX_HEADER = YES;
				GCC_PREFIX_HEADER = "$(SRCROOT)/PrefixHeader.pch";
				GCC_PREPROCESSOR_DEFINITIONS = (
					"DEBUG=1",
					"$(inherited)",
				);
				GCC_WARN_64_TO_32_BIT_CONVERSION = YES;
				GCC_WARN_ABOUT_RETURN_TYPE = YES_ERROR;
				GCC_WARN_UNDECLARED_SELECTOR = YES;
				GCC_WARN_UNINITIALIZED_AUTOS = YES_AGGRESSIVE;
				GCC_WARN_UNUSED_FUNCTION = YES;
				GCC_WARN_UNUSED_VARIABLE = YES;
				IPHONEOS_DEPLOYMENT_TARGET = 16.1;
				MTL_ENABLE_DEBUG_INFO = INCLUDE_SOURCE;
				MTL_FAST_MATH = YES;
				ONLY_ACTIVE_ARCH = YES;
				OTHER_LDFLAGS = "";
				SDKROOT = iphoneos;
				SWIFT_ACTIVE_COMPILATION_CONDITIONS = DEBUG;
				SWIFT_OBJC_BRIDGING_HEADER = "$(SRCROOT)/PicToSketch-Bridging-Header.h";
				SWIFT_OPTIMIZATION_LEVEL = "-Onone";
			};
			name = Debug;
		};
		CE1A9FE2291A427E0096AF96 /* Release */ = {
			isa = XCBuildConfiguration;
			buildSettings = {
				ALWAYS_SEARCH_USER_PATHS = NO;
				CLANG_ANALYZER_NONNULL = YES;
				CLANG_ANALYZER_NUMBER_OBJECT_CONVERSION = YES_AGGRESSIVE;
				CLANG_CXX_LANGUAGE_STANDARD = "gnu++20";
				CLANG_ENABLE_MODULES = YES;
				CLANG_ENABLE_OBJC_ARC = YES;
				CLANG_ENABLE_OBJC_WEAK = YES;
				CLANG_WARN_BLOCK_CAPTURE_AUTORELEASING = YES;
				CLANG_WARN_BOOL_CONVERSION = YES;
				CLANG_WARN_COMMA = YES;
				CLANG_WARN_CONSTANT_CONVERSION = YES;
				CLANG_WARN_DEPRECATED_OBJC_IMPLEMENTATIONS = YES;
				CLANG_WARN_DIRECT_OBJC_ISA_USAGE = YES_ERROR;
				CLANG_WARN_DOCUMENTATION_COMMENTS = YES;
				CLANG_WARN_EMPTY_BODY = YES;
				CLANG_WARN_ENUM_CONVERSION = YES;
				CLANG_WARN_INFINITE_RECURSION = YES;
				CLANG_WARN_INT_CONVERSION = YES;
				CLANG_WARN_NON_LITERAL_NULL_CONVERSION = YES;
				CLANG_WARN_OBJC_IMPLICIT_RETAIN_SELF = YES;
				CLANG_WARN_OBJC_LITERAL_CONVERSION = YES;
				CLANG_WARN_OBJC_ROOT_CLASS = YES_ERROR;
				CLANG_WARN_QUOTED_INCLUDE_IN_FRAMEWORK_HEADER = YES;
				CLANG_WARN_RANGE_LOOP_ANALYSIS = YES;
				CLANG_WARN_STRICT_PROTOTYPES = YES;
				CLANG_WARN_SUSPICIOUS_MOVE = YES;
				CLANG_WARN_UNGUARDED_AVAILABILITY = YES_AGGRESSIVE;
				CLANG_WARN_UNREACHABLE_CODE = YES;
				CLANG_WARN__DUPLICATE_METHOD_MATCH = YES;
				COPY_PHASE_STRIP = NO;
				DEBUG_INFORMATION_FORMAT = "dwarf-with-dsym";
				ENABLE_NS_ASSERTIONS = NO;
				ENABLE_STRICT_OBJC_MSGSEND = YES;
				GCC_C_LANGUAGE_STANDARD = gnu11;
				GCC_NO_COMMON_BLOCKS = YES;
				GCC_PRECOMPILE_PREFIX_HEADER = YES;
				GCC_PREFIX_HEADER = "$(SRCROOT)/PrefixHeader.pch";
				GCC_WARN_64_TO_32_BIT_CONVERSION = YES;
				GCC_WARN_ABOUT_RETURN_TYPE = YES_ERROR;
				GCC_WARN_UNDECLARED_SELECTOR = YES;
				GCC_WARN_UNINITIALIZED_AUTOS = YES_AGGRESSIVE;
				GCC_WARN_UNUSED_FUNCTION = YES;
				GCC_WARN_UNUSED_VARIABLE = YES;
				IPHONEOS_DEPLOYMENT_TARGET = 16.1;
				MTL_ENABLE_DEBUG_INFO = NO;
				MTL_FAST_MATH = YES;
				OTHER_LDFLAGS = "";
				SDKROOT = iphoneos;
				SWIFT_COMPILATION_MODE = wholemodule;
				SWIFT_OBJC_BRIDGING_HEADER = "$(SRCROOT)/PicToSketch-Bridging-Header.h";
				SWIFT_OPTIMIZATION_LEVEL = "-O";
				VALIDATE_PRODUCT = YES;
			};
			name = Release;
		};
		CE1A9FE4291A427E0096AF96 /* Debug */ = {
			isa = XCBuildConfiguration;
			baseConfigurationReference = 408FC62B2CA565084718F17F /* Pods-PicToSketch.debug.xcconfig */;
			buildSettings = {
				ASSETCATALOG_COMPILER_APPICON_NAME = AppIcon;
				ASSETCATALOG_COMPILER_GLOBAL_ACCENT_COLOR_NAME = AccentColor;
				CLANG_ENABLE_MODULES = YES;
				CODE_SIGN_STYLE = Automatic;
				CURRENT_PROJECT_VERSION = 1;
				DEVELOPMENT_TEAM = UQ7969NVUB;
				GCC_PRECOMPILE_PREFIX_HEADER = YES;
				GCC_PREFIX_HEADER = /Users/kimhyoseok/Desktop/SW/iOS/UIkit/PicToSketch/PrefixHeader.pch;
				GENERATE_INFOPLIST_FILE = YES;
				HEADER_SEARCH_PATHS = "";
				INFOPLIST_FILE = PicToSketch/Info.plist;
				INFOPLIST_KEY_CFBundleDisplayName = "Picture to Sketch";
				INFOPLIST_KEY_UIApplicationSupportsIndirectInputEvents = YES;
				INFOPLIST_KEY_UILaunchStoryboardName = LaunchScreen;
				INFOPLIST_KEY_UIMainStoryboardFile = Main;
				INFOPLIST_KEY_UISupportedInterfaceOrientations_iPad = "UIInterfaceOrientationPortrait UIInterfaceOrientationPortraitUpsideDown UIInterfaceOrientationLandscapeLeft UIInterfaceOrientationLandscapeRight";
				INFOPLIST_KEY_UISupportedInterfaceOrientations_iPhone = "UIInterfaceOrientationPortrait UIInterfaceOrientationLandscapeLeft UIInterfaceOrientationLandscapeRight";
				LD_RUNPATH_SEARCH_PATHS = (
					"$(inherited)",
					"@executable_path/Frameworks",
				);
				LIBRARY_SEARCH_PATHS = "";
				MARKETING_VERSION = 1.0;
				PRODUCT_BUNDLE_IDENTIFIER = com.PIC2SKC.PicToSketch;
				PRODUCT_NAME = "$(TARGET_NAME)";
				SUPPORTED_PLATFORMS = "iphoneos iphonesimulator";
				SUPPORTS_MACCATALYST = NO;
				SUPPORTS_MAC_DESIGNED_FOR_IPHONE_IPAD = NO;
				SWIFT_EMIT_LOC_STRINGS = YES;
				SWIFT_OBJC_BRIDGING_HEADER = "$(SRCROOT)/PicToSketch-Bridging-Header.h";
				SWIFT_OPTIMIZATION_LEVEL = "-Onone";
				SWIFT_VERSION = 5.0;
				TARGETED_DEVICE_FAMILY = 1;
			};
			name = Debug;
		};
		CE1A9FE5291A427E0096AF96 /* Release */ = {
			isa = XCBuildConfiguration;
			baseConfigurationReference = 143ED5703968A12DDE5CD2AF /* Pods-PicToSketch.release.xcconfig */;
			buildSettings = {
				ASSETCATALOG_COMPILER_APPICON_NAME = AppIcon;
				ASSETCATALOG_COMPILER_GLOBAL_ACCENT_COLOR_NAME = AccentColor;
				CLANG_ENABLE_MODULES = YES;
				CODE_SIGN_STYLE = Automatic;
				CURRENT_PROJECT_VERSION = 1;
				DEVELOPMENT_TEAM = UQ7969NVUB;
				GCC_PRECOMPILE_PREFIX_HEADER = YES;
				GCC_PREFIX_HEADER = /Users/kimhyoseok/Desktop/SW/iOS/UIkit/PicToSketch/PrefixHeader.pch;
				GENERATE_INFOPLIST_FILE = YES;
				HEADER_SEARCH_PATHS = "";
				INFOPLIST_FILE = PicToSketch/Info.plist;
				INFOPLIST_KEY_CFBundleDisplayName = "Picture to Sketch";
				INFOPLIST_KEY_UIApplicationSupportsIndirectInputEvents = YES;
				INFOPLIST_KEY_UILaunchStoryboardName = LaunchScreen;
				INFOPLIST_KEY_UIMainStoryboardFile = Main;
				INFOPLIST_KEY_UISupportedInterfaceOrientations_iPad = "UIInterfaceOrientationPortrait UIInterfaceOrientationPortraitUpsideDown UIInterfaceOrientationLandscapeLeft UIInterfaceOrientationLandscapeRight";
				INFOPLIST_KEY_UISupportedInterfaceOrientations_iPhone = "UIInterfaceOrientationPortrait UIInterfaceOrientationLandscapeLeft UIInterfaceOrientationLandscapeRight";
				LD_RUNPATH_SEARCH_PATHS = (
					"$(inherited)",
					"@executable_path/Frameworks",
				);
				LIBRARY_SEARCH_PATHS = "";
				MARKETING_VERSION = 1.0;
				PRODUCT_BUNDLE_IDENTIFIER = com.PIC2SKC.PicToSketch;
				PRODUCT_NAME = "$(TARGET_NAME)";
				SUPPORTED_PLATFORMS = "iphoneos iphonesimulator";
				SUPPORTS_MACCATALYST = NO;
				SUPPORTS_MAC_DESIGNED_FOR_IPHONE_IPAD = NO;
				SWIFT_EMIT_LOC_STRINGS = YES;
				SWIFT_OBJC_BRIDGING_HEADER = "$(SRCROOT)/PicToSketch-Bridging-Header.h";
				SWIFT_VERSION = 5.0;
				TARGETED_DEVICE_FAMILY = 1;
			};
			name = Release;
		};
/* End XCBuildConfiguration section */

/* Begin XCConfigurationList section */
		CE1A9FCA291A427C0096AF96 /* Build configuration list for PBXProject "PicToSketch" */ = {
			isa = XCConfigurationList;
			buildConfigurations = (
				CE1A9FE1291A427E0096AF96 /* Debug */,
				CE1A9FE2291A427E0096AF96 /* Release */,
			);
			defaultConfigurationIsVisible = 0;
			defaultConfigurationName = Release;
		};
		CE1A9FE3291A427E0096AF96 /* Build configuration list for PBXNativeTarget "PicToSketch" */ = {
			isa = XCConfigurationList;
			buildConfigurations = (
				CE1A9FE4291A427E0096AF96 /* Debug */,
				CE1A9FE5291A427E0096AF96 /* Release */,
			);
			defaultConfigurationIsVisible = 0;
			defaultConfigurationName = Release;
		};
/* End XCConfigurationList section */
	};
	rootObject = CE1A9FC7291A427C0096AF96 /* Project object */;
}
